
Microsoft Visual Studio Solution File, Format Version 12.00
# Visual Studio Version 17
VisualStudioVersion = 17.14.36401.2 d17.14
MinimumVisualStudioVersion = 10.0.40219.1
Project("{FAE04EC0-301F-11D3-BF4B-00C04F79EFBC}") = "Tutorial_2_2", "Tutorial_2_2\Tutorial_2_2.csproj", "{C6901A45-90DE-4FBF-B2ED-6170B60C242D}"
EndProject
Global
	GlobalSection(SolutionConfigurationPlatforms) = preSolution
		Debug|Any CPU = Debug|Any CPU
		Release|Any CPU = Release|Any CPU
	EndGlobalSection
	GlobalSection(ProjectConfigurationPlatforms) = postSolution
		{C6901A45-90DE-4FBF-B2ED-6170B60C242D}.Debug|Any CPU.ActiveCfg = Debug|Any CPU
		{C6901A45-90DE-4FBF-B2ED-6170B60C242D}.Debug|Any CPU.Build.0 = Debug|Any CPU
		{C6901A45-90DE-4FBF-B2ED-6170B60C242D}.Release|Any CPU.ActiveCfg = Release|Any CPU
		{C6901A45-90DE-4FBF-B2ED-6170B60C242D}.Release|Any CPU.Build.0 = Release|Any CPU
	EndGlobalSection
	GlobalSection(SolutionProperties) = preSolution
		HideSolutionNode = FALSE
	EndGlobalSection
	GlobalSection(ExtensibilityGlobals) = postSolution
		SolutionGuid = {972E2906-846A-4F64-A2B0-4CB98A709645}
	EndGlobalSection
EndGlobal
